
Microsoft Visual Studio Solution File, Format Version 11.00
# Visual C# Express 2010
Project("{FAE04EC0-301F-11D3-BF4B-00C04F79EFBC}") = "JuegoMaquinaExpendedora", "JuegoMaquinaExpendedora\JuegoMaquinaExpendedora.csproj", "{CA73EFD4-602F-4615-941D-938730DD3A55}"
EndProject
Global
	GlobalSection(SolutionConfigurationPlatforms) = preSolution
		Debug|x86 = Debug|x86
		Release|x86 = Release|x86
	EndGlobalSection
	GlobalSection(ProjectConfigurationPlatforms) = postSolution
		{CA73EFD4-602F-4615-941D-938730DD3A55}.Debug|x86.ActiveCfg = Debug|x86
		{CA73EFD4-602F-4615-941D-938730DD3A55}.Debug|x86.Build.0 = Debug|x86
		{CA73EFD4-602F-4615-941D-938730DD3A55}.Release|x86.ActiveCfg = Release|x86
		{CA73EFD4-602F-4615-941D-938730DD3A55}.Release|x86.Build.0 = Release|x86
	EndGlobalSection
	GlobalSection(SolutionProperties) = preSolution
		HideSolutionNode = FALSE
	EndGlobalSection
EndGlobal
