
Microsoft Visual Studio Solution File, Format Version 11.00
# Visual C# Express 2010
Project("{FAE04EC0-301F-11D3-BF4B-00C04F79EFBC}") = "ej1", "ej1\ej1.csproj", "{F95B0A79-383A-44AA-85F6-84A9AEAA3B21}"
EndProject
Project("{FAE04EC0-301F-11D3-BF4B-00C04F79EFBC}") = "ej2", "ej2\ej2.csproj", "{B7793C3B-8FA4-4F23-A23D-2AA6EBD5C0A4}"
EndProject
Global
	GlobalSection(SolutionConfigurationPlatforms) = preSolution
		Debug|x86 = Debug|x86
		Release|x86 = Release|x86
	EndGlobalSection
	GlobalSection(ProjectConfigurationPlatforms) = postSolution
		{F95B0A79-383A-44AA-85F6-84A9AEAA3B21}.Debug|x86.ActiveCfg = Debug|x86
		{F95B0A79-383A-44AA-85F6-84A9AEAA3B21}.Debug|x86.Build.0 = Debug|x86
		{F95B0A79-383A-44AA-85F6-84A9AEAA3B21}.Release|x86.ActiveCfg = Release|x86
		{F95B0A79-383A-44AA-85F6-84A9AEAA3B21}.Release|x86.Build.0 = Release|x86
		{B7793C3B-8FA4-4F23-A23D-2AA6EBD5C0A4}.Debug|x86.ActiveCfg = Debug|x86
		{B7793C3B-8FA4-4F23-A23D-2AA6EBD5C0A4}.Debug|x86.Build.0 = Debug|x86
		{B7793C3B-8FA4-4F23-A23D-2AA6EBD5C0A4}.Release|x86.ActiveCfg = Release|x86
		{B7793C3B-8FA4-4F23-A23D-2AA6EBD5C0A4}.Release|x86.Build.0 = Release|x86
	EndGlobalSection
	GlobalSection(SolutionProperties) = preSolution
		HideSolutionNode = FALSE
	EndGlobalSection
EndGlobal
